
Microsoft Visual Studio Solution File, Format Version 12.00
# Visual Studio Version 17
VisualStudioVersion = 17.13.35931.197 d17.13
MinimumVisualStudioVersion = 10.0.40219.1
Project("{FAE04EC0-301F-11D3-BF4B-00C04F79EFBC}") = "Assignment1(a)_pollymorphism (method overriding)", "Assignment1(a)_pollymorphism (method overriding)\Assignment1(a)_pollymorphism (method overriding).csproj", "{E2EBE30B-9ADC-480C-8459-D3175FC5130E}"
EndProject
Project("{FAE04EC0-301F-11D3-BF4B-00C04F79EFBC}") = "Assignment2(b)", "Assignment2(b)\Assignment2(b).csproj", "{19D1F314-8264-42B2-AEB7-44CAA8A5E546}"
EndProject
Global
	GlobalSection(SolutionConfigurationPlatforms) = preSolution
		Debug|Any CPU = Debug|Any CPU
		Release|Any CPU = Release|Any CPU
	EndGlobalSection
	GlobalSection(ProjectConfigurationPlatforms) = postSolution
		{E2EBE30B-9ADC-480C-8459-D3175FC5130E}.Debug|Any CPU.ActiveCfg = Debug|Any CPU
		{E2EBE30B-9ADC-480C-8459-D3175FC5130E}.Debug|Any CPU.Build.0 = Debug|Any CPU
		{E2EBE30B-9ADC-480C-8459-D3175FC5130E}.Release|Any CPU.ActiveCfg = Release|Any CPU
		{E2EBE30B-9ADC-480C-8459-D3175FC5130E}.Release|Any CPU.Build.0 = Release|Any CPU
		{19D1F314-8264-42B2-AEB7-44CAA8A5E546}.Debug|Any CPU.ActiveCfg = Debug|Any CPU
		{19D1F314-8264-42B2-AEB7-44CAA8A5E546}.Debug|Any CPU.Build.0 = Debug|Any CPU
		{19D1F314-8264-42B2-AEB7-44CAA8A5E546}.Release|Any CPU.ActiveCfg = Release|Any CPU
		{19D1F314-8264-42B2-AEB7-44CAA8A5E546}.Release|Any CPU.Build.0 = Release|Any CPU
	EndGlobalSection
	GlobalSection(SolutionProperties) = preSolution
		HideSolutionNode = FALSE
	EndGlobalSection
	GlobalSection(ExtensibilityGlobals) = postSolution
		SolutionGuid = {4B081F90-299B-4294-A47D-B97AB027F5E3}
	EndGlobalSection
EndGlobal
