
Microsoft Visual Studio Solution File, Format Version 12.00
# Visual Studio Version 17
VisualStudioVersion = 17.13.35931.197 d17.13
MinimumVisualStudioVersion = 10.0.40219.1
Project("{FAE04EC0-301F-11D3-BF4B-00C04F79EFBC}") = "Employee_mgmt_sys_2025", "Employee_mgmt_sys_2025\Employee_mgmt_sys_2025.csproj", "{46FD9C19-E2F5-4E37-AFDF-E48772EEC724}"
EndProject
Global
	GlobalSection(SolutionConfigurationPlatforms) = preSolution
		Debug|Any CPU = Debug|Any CPU
		Release|Any CPU = Release|Any CPU
	EndGlobalSection
	GlobalSection(ProjectConfigurationPlatforms) = postSolution
		{46FD9C19-E2F5-4E37-AFDF-E48772EEC724}.Debug|Any CPU.ActiveCfg = Debug|Any CPU
		{46FD9C19-E2F5-4E37-AFDF-E48772EEC724}.Debug|Any CPU.Build.0 = Debug|Any CPU
		{46FD9C19-E2F5-4E37-AFDF-E48772EEC724}.Release|Any CPU.ActiveCfg = Release|Any CPU
		{46FD9C19-E2F5-4E37-AFDF-E48772EEC724}.Release|Any CPU.Build.0 = Release|Any CPU
	EndGlobalSection
	GlobalSection(SolutionProperties) = preSolution
		HideSolutionNode = FALSE
	EndGlobalSection
	GlobalSection(ExtensibilityGlobals) = postSolution
		SolutionGuid = {15FCD978-7C6D-4FE9-942D-5DCE048AC498}
	EndGlobalSection
EndGlobal
